
Microsoft Visual Studio Solution File, Format Version 12.00
# Visual Studio Version 17
VisualStudioVersion = 17.3.32825.248
MinimumVisualStudioVersion = 10.0.40219.1
Project("{FAE04EC0-301F-11D3-BF4B-00C04F79EFBC}") = "WPF.GIS.Example", "WPF.GIS.Example\WPF.GIS.Example.csproj", "{B3461707-1637-4181-A223-D1AFC81E3C3C}"
EndProject
Project("{2150E333-8FDC-42A3-9474-1A3956D46DE8}") = "GMAP.Sources", "GMAP.Sources", "{3C61A857-A793-4B8D-9C8F-F77390F70895}"
EndProject
Project("{9A19103F-16F7-4668-BE54-9A1E7A4F7556}") = "GMap.NET.Core", "..\Forks\GMap.NET\GMap.NET\GMap.NET.Core\GMap.NET.Core.csproj", "{2B47DB3A-D722-458B-B908-A43DBF1A3EBE}"
EndProject
Project("{9A19103F-16F7-4668-BE54-9A1E7A4F7556}") = "GMap.NET.WindowsPresentation", "..\Forks\GMap.NET\GMap.NET\GMap.NET.WindowsPresentation\GMap.NET.WindowsPresentation.csproj", "{1B38DD16-7F7F-4D78-B9CE-3BC0BEB30894}"
EndProject
Global
	GlobalSection(SolutionConfigurationPlatforms) = preSolution
		Debug|Any CPU = Debug|Any CPU
		Release|Any CPU = Release|Any CPU
	EndGlobalSection
	GlobalSection(ProjectConfigurationPlatforms) = postSolution
		{B3461707-1637-4181-A223-D1AFC81E3C3C}.Debug|Any CPU.ActiveCfg = Debug|Any CPU
		{B3461707-1637-4181-A223-D1AFC81E3C3C}.Debug|Any CPU.Build.0 = Debug|Any CPU
		{B3461707-1637-4181-A223-D1AFC81E3C3C}.Release|Any CPU.ActiveCfg = Release|Any CPU
		{B3461707-1637-4181-A223-D1AFC81E3C3C}.Release|Any CPU.Build.0 = Release|Any CPU
		{2B47DB3A-D722-458B-B908-A43DBF1A3EBE}.Debug|Any CPU.ActiveCfg = Debug|Any CPU
		{2B47DB3A-D722-458B-B908-A43DBF1A3EBE}.Debug|Any CPU.Build.0 = Debug|Any CPU
		{2B47DB3A-D722-458B-B908-A43DBF1A3EBE}.Release|Any CPU.ActiveCfg = Release|Any CPU
		{2B47DB3A-D722-458B-B908-A43DBF1A3EBE}.Release|Any CPU.Build.0 = Release|Any CPU
		{1B38DD16-7F7F-4D78-B9CE-3BC0BEB30894}.Debug|Any CPU.ActiveCfg = Debug|Any CPU
		{1B38DD16-7F7F-4D78-B9CE-3BC0BEB30894}.Debug|Any CPU.Build.0 = Debug|Any CPU
		{1B38DD16-7F7F-4D78-B9CE-3BC0BEB30894}.Release|Any CPU.ActiveCfg = Release|Any CPU
		{1B38DD16-7F7F-4D78-B9CE-3BC0BEB30894}.Release|Any CPU.Build.0 = Release|Any CPU
	EndGlobalSection
	GlobalSection(SolutionProperties) = preSolution
		HideSolutionNode = FALSE
	EndGlobalSection
	GlobalSection(NestedProjects) = preSolution
		{2B47DB3A-D722-458B-B908-A43DBF1A3EBE} = {3C61A857-A793-4B8D-9C8F-F77390F70895}
		{1B38DD16-7F7F-4D78-B9CE-3BC0BEB30894} = {3C61A857-A793-4B8D-9C8F-F77390F70895}
	EndGlobalSection
	GlobalSection(ExtensibilityGlobals) = postSolution
		SolutionGuid = {F5125796-DC75-421F-BE60-ED7CC5A126F9}
	EndGlobalSection
EndGlobal
