
Microsoft Visual Studio Solution File, Format Version 12.00
# Visual Studio Version 17
VisualStudioVersion = 17.3.32825.248
MinimumVisualStudioVersion = 10.0.40219.1
Project("{FAE04EC0-301F-11D3-BF4B-00C04F79EFBC}") = "WPF.GIS.Example", "WPF.GIS.Example\WPF.GIS.Example.csproj", "{B3461707-1637-4181-A223-D1AFC81E3C3C}"
EndProject
Project("{9A19103F-16F7-4668-BE54-9A1E7A4F7556}") = "GMap.NET.Core", "..\GMap.NET\GMap.NET\GMap.NET.Core\GMap.NET.Core.csproj", "{59D718A1-78D8-4D16-B802-B721FD40EC46}"
EndProject
Project("{9A19103F-16F7-4668-BE54-9A1E7A4F7556}") = "GMap.NET.Windows", "..\GMap.NET\GMap.NET\GMap.NET.Windows\GMap.NET.Windows.csproj", "{D7229CC1-3E7B-4A34-99B3-AE1052629431}"
EndProject
Project("{9A19103F-16F7-4668-BE54-9A1E7A4F7556}") = "GMap.NET.WindowsPresentation", "..\GMap.NET\GMap.NET\GMap.NET.WindowsPresentation\GMap.NET.WindowsPresentation.csproj", "{DEFAF2C5-CBDA-48F3-9201-8BCA74478419}"
EndProject
Project("{9A19103F-16F7-4668-BE54-9A1E7A4F7556}") = "GMap.NET.WindowsForms", "..\GMap.NET\GMap.NET\GMap.NET.WindowsForms\GMap.NET.WindowsForms.csproj", "{0A0E151F-09C7-4FA8-AB7E-BFDFD50E885B}"
EndProject
Project("{2150E333-8FDC-42A3-9474-1A3956D46DE8}") = "GMAP.Sources", "GMAP.Sources", "{3C61A857-A793-4B8D-9C8F-F77390F70895}"
EndProject
Project("{9A19103F-16F7-4668-BE54-9A1E7A4F7556}") = "GMap.NET.Avalonia", "..\GMap.NET\GMap.NET\GMap.NET.Avalonia\GMap.NET.Avalonia.csproj", "{D2827C57-702A-4FF9-9CFE-BD2B28CE21A7}"
EndProject
Project("{9A19103F-16F7-4668-BE54-9A1E7A4F7556}") = "GMap.NET.WindowsForms.Utils", "..\GMap.NET\GMap.NET\GMap.NET.WindowsForms.Utils\GMap.NET.WindowsForms.Utils.csproj", "{4C7DB31A-0268-4291-8CD2-57C5536719E0}"
EndProject
Global
	GlobalSection(SolutionConfigurationPlatforms) = preSolution
		Debug|Any CPU = Debug|Any CPU
		Release|Any CPU = Release|Any CPU
	EndGlobalSection
	GlobalSection(ProjectConfigurationPlatforms) = postSolution
		{B3461707-1637-4181-A223-D1AFC81E3C3C}.Debug|Any CPU.ActiveCfg = Debug|Any CPU
		{B3461707-1637-4181-A223-D1AFC81E3C3C}.Debug|Any CPU.Build.0 = Debug|Any CPU
		{B3461707-1637-4181-A223-D1AFC81E3C3C}.Release|Any CPU.ActiveCfg = Release|Any CPU
		{B3461707-1637-4181-A223-D1AFC81E3C3C}.Release|Any CPU.Build.0 = Release|Any CPU
		{59D718A1-78D8-4D16-B802-B721FD40EC46}.Debug|Any CPU.ActiveCfg = Debug|Any CPU
		{59D718A1-78D8-4D16-B802-B721FD40EC46}.Debug|Any CPU.Build.0 = Debug|Any CPU
		{59D718A1-78D8-4D16-B802-B721FD40EC46}.Release|Any CPU.ActiveCfg = Release|Any CPU
		{59D718A1-78D8-4D16-B802-B721FD40EC46}.Release|Any CPU.Build.0 = Release|Any CPU
		{D7229CC1-3E7B-4A34-99B3-AE1052629431}.Debug|Any CPU.ActiveCfg = Debug|Any CPU
		{D7229CC1-3E7B-4A34-99B3-AE1052629431}.Debug|Any CPU.Build.0 = Debug|Any CPU
		{D7229CC1-3E7B-4A34-99B3-AE1052629431}.Release|Any CPU.ActiveCfg = Release|Any CPU
		{D7229CC1-3E7B-4A34-99B3-AE1052629431}.Release|Any CPU.Build.0 = Release|Any CPU
		{DEFAF2C5-CBDA-48F3-9201-8BCA74478419}.Debug|Any CPU.ActiveCfg = Debug|Any CPU
		{DEFAF2C5-CBDA-48F3-9201-8BCA74478419}.Debug|Any CPU.Build.0 = Debug|Any CPU
		{DEFAF2C5-CBDA-48F3-9201-8BCA74478419}.Release|Any CPU.ActiveCfg = Release|Any CPU
		{DEFAF2C5-CBDA-48F3-9201-8BCA74478419}.Release|Any CPU.Build.0 = Release|Any CPU
		{0A0E151F-09C7-4FA8-AB7E-BFDFD50E885B}.Debug|Any CPU.ActiveCfg = Debug|Any CPU
		{0A0E151F-09C7-4FA8-AB7E-BFDFD50E885B}.Debug|Any CPU.Build.0 = Debug|Any CPU
		{0A0E151F-09C7-4FA8-AB7E-BFDFD50E885B}.Release|Any CPU.ActiveCfg = Release|Any CPU
		{0A0E151F-09C7-4FA8-AB7E-BFDFD50E885B}.Release|Any CPU.Build.0 = Release|Any CPU
		{D2827C57-702A-4FF9-9CFE-BD2B28CE21A7}.Debug|Any CPU.ActiveCfg = Debug|Any CPU
		{D2827C57-702A-4FF9-9CFE-BD2B28CE21A7}.Debug|Any CPU.Build.0 = Debug|Any CPU
		{D2827C57-702A-4FF9-9CFE-BD2B28CE21A7}.Release|Any CPU.ActiveCfg = Release|Any CPU
		{D2827C57-702A-4FF9-9CFE-BD2B28CE21A7}.Release|Any CPU.Build.0 = Release|Any CPU
		{4C7DB31A-0268-4291-8CD2-57C5536719E0}.Debug|Any CPU.ActiveCfg = Debug|Any CPU
		{4C7DB31A-0268-4291-8CD2-57C5536719E0}.Debug|Any CPU.Build.0 = Debug|Any CPU
		{4C7DB31A-0268-4291-8CD2-57C5536719E0}.Release|Any CPU.ActiveCfg = Release|Any CPU
		{4C7DB31A-0268-4291-8CD2-57C5536719E0}.Release|Any CPU.Build.0 = Release|Any CPU
	EndGlobalSection
	GlobalSection(SolutionProperties) = preSolution
		HideSolutionNode = FALSE
	EndGlobalSection
	GlobalSection(NestedProjects) = preSolution
		{59D718A1-78D8-4D16-B802-B721FD40EC46} = {3C61A857-A793-4B8D-9C8F-F77390F70895}
		{D7229CC1-3E7B-4A34-99B3-AE1052629431} = {3C61A857-A793-4B8D-9C8F-F77390F70895}
		{DEFAF2C5-CBDA-48F3-9201-8BCA74478419} = {3C61A857-A793-4B8D-9C8F-F77390F70895}
		{0A0E151F-09C7-4FA8-AB7E-BFDFD50E885B} = {3C61A857-A793-4B8D-9C8F-F77390F70895}
		{D2827C57-702A-4FF9-9CFE-BD2B28CE21A7} = {3C61A857-A793-4B8D-9C8F-F77390F70895}
		{4C7DB31A-0268-4291-8CD2-57C5536719E0} = {3C61A857-A793-4B8D-9C8F-F77390F70895}
	EndGlobalSection
	GlobalSection(ExtensibilityGlobals) = postSolution
		SolutionGuid = {F5125796-DC75-421F-BE60-ED7CC5A126F9}
	EndGlobalSection
EndGlobal
